// !$*UTF8*$!
{
	archiveVersion = 1;
	classes = {
	};
	objectVersion = 77;
	objects = {

/* Begin PBXContainerItemProxy section */
		3709019B2E0B855C0071D2FD /* PBXContainerItemProxy */ = {
			isa = PBXContainerItemProxy;
			containerPortal = 370901852E0B85580071D2FD /* Project object */;
			proxyType = 1;
			remoteGlobalIDString = 3709018C2E0B85580071D2FD;
			remoteInfo = Shake_swiftui;
		};
		370901A52E0B855C0071D2FD /* PBXContainerItemProxy */ = {
			isa = PBXContainerItemProxy;
			containerPortal = 370901852E0B85580071D2FD /* Project object */;
			proxyType = 1;
			remoteGlobalIDString = 3709018C2E0B85580071D2FD;
			remoteInfo = Shake_swiftui;
		};
/* End PBXContainerItemProxy section */

/* Begin PBXFileReference section */
		3709018D2E0B85580071D2FD /* Shake_swiftui.app */ = {isa = PBXFileReference; explicitFileType = wrapper.application; includeInIndex = 0; path = Shake_swiftui.app; sourceTree = BUILT_PRODUCTS_DIR; };
		3709019A2E0B855C0071D2FD /* Shake_swiftuiTests.xctest */ = {isa = PBXFileReference; explicitFileType = wrapper.cfbundle; includeInIndex = 0; path = Shake_swiftuiTests.xctest; sourceTree = BUILT_PRODUCTS_DIR; };
		370901A42E0B855C0071D2FD /* Shake_swiftuiUITests.xctest */ = {isa = PBXFileReference; explicitFileType = wrapper.cfbundle; includeInIndex = 0; path = Shake_swiftuiUITests.xctest; sourceTree = BUILT_PRODUCTS_DIR; };
/* End PBXFileReference section */

/* Begin PBXFileSystemSynchronizedRootGroup section */
		3709018F2E0B85580071D2FD /* Shake_swiftui */ = {
			isa = PBXFileSystemSynchronizedRootGroup;
			path = Shake_swiftui;
			sourceTree = "<group>";
		};
		3709019D2E0B855C0071D2FD /* Shake_swiftuiTests */ = {
			isa = PBXFileSystemSynchronizedRootGroup;
			path = Shake_swiftuiTests;
			sourceTree = "<group>";
		};
		370901A72E0B855C0071D2FD /* Shake_swiftuiUITests */ = {
			isa = PBXFileSystemSynchronizedRootGroup;
			path = Shake_swiftuiUITests;
			sourceTree = "<group>";
		};
/* End PBXFileSystemSynchronizedRootGroup section */

/* Begin PBXFrameworksBuildPhase section */
		3709018A2E0B85580071D2FD /* Frameworks */ = {
			isa = PBXFrameworksBuildPhase;
			buildActionMask = 2147483647;
			files = (
			);
			runOnlyForDeploymentPostprocessing = 0;
		};
		370901972E0B855C0071D2FD /* Frameworks */ = {
			isa = PBXFrameworksBuildPhase;
			buildActionMask = 2147483647;
			files = (
			);
			runOnlyForDeploymentPostprocessing = 0;
		};
		370901A12E0B855C0071D2FD /* Frameworks */ = {
			isa = PBXFrameworksBuildPhase;
			buildActionMask = 2147483647;
			files = (
			);
			runOnlyForDeploymentPostprocessing = 0;
		};
/* End PBXFrameworksBuildPhase section */

/* Begin PBXGroup section */
		370901842E0B85580071D2FD = {
			isa = PBXGroup;
			children = (
				3709018F2E0B85580071D2FD /* Shake_swiftui */,
				3709019D2E0B855C0071D2FD /* Shake_swiftuiTests */,
				370901A72E0B855C0071D2FD /* Shake_swiftuiUITests */,
				3709018E2E0B85580071D2FD /* Products */,
			);
			sourceTree = "<group>";
		};
		3709018E2E0B85580071D2FD /* Products */ = {
			isa = PBXGroup;
			children = (
				3709018D2E0B85580071D2FD /* Shake_swiftui.app */,
				3709019A2E0B855C0071D2FD /* Shake_swiftuiTests.xctest */,
				370901A42E0B855C0071D2FD /* Shake_swiftuiUITests.xctest */,
			);
			name = Products;
			sourceTree = "<group>";
		};
/* End PBXGroup section */

/* Begin PBXNativeTarget section */
		3709018C2E0B85580071D2FD /* Shake_swiftui */ = {
			isa = PBXNativeTarget;
			buildConfigurationList = 370901AE2E0B855C0071D2FD /* Build configuration list for PBXNativeTarget "Shake_swiftui" */;
			buildPhases = (
				370901892E0B85580071D2FD /* Sources */,
				3709018A2E0B85580071D2FD /* Frameworks */,
				3709018B2E0B85580071D2FD /* Resources */,
			);
			buildRules = (
			);
			dependencies = (
			);
			fileSystemSynchronizedGroups = (
				3709018F2E0B85580071D2FD /* Shake_swiftui */,
			);
			name = Shake_swiftui;
			packageProductDependencies = (
			);
			productName = Shake_swiftui;
			productReference = 3709018D2E0B85580071D2FD /* Shake_swiftui.app */;
			productType = "com.apple.product-type.application";
		};
		370901992E0B855C0071D2FD /* Shake_swiftuiTests */ = {
			isa = PBXNativeTarget;
			buildConfigurationList = 370901B12E0B855C0071D2FD /* Build configuration list for PBXNativeTarget "Shake_swiftuiTests" */;
			buildPhases = (
				370901962E0B855C0071D2FD /* Sources */,
				370901972E0B855C0071D2FD /* Frameworks */,
				370901982E0B855C0071D2FD /* Resources */,
			);
			buildRules = (
			);
			dependencies = (
				3709019C2E0B855C0071D2FD /* PBXTargetDependency */,
			);
			fileSystemSynchronizedGroups = (
				3709019D2E0B855C0071D2FD /* Shake_swiftuiTests */,
			);
			name = Shake_swiftuiTests;
			packageProductDependencies = (
			);
			productName = Shake_swiftuiTests;
			productReference = 3709019A2E0B855C0071D2FD /* Shake_swiftuiTests.xctest */;
			productType = "com.apple.product-type.bundle.unit-test";
		};
		370901A32E0B855C0071D2FD /* Shake_swiftuiUITests */ = {
			isa = PBXNativeTarget;
			buildConfigurationList = 370901B42E0B855C0071D2FD /* Build configuration list for PBXNativeTarget "Shake_swiftuiUITests" */;
			buildPhases = (
				370901A02E0B855C0071D2FD /* Sources */,
				370901A12E0B855C0071D2FD /* Frameworks */,
				370901A22E0B855C0071D2FD /* Resources */,
			);
			buildRules = (
			);
			dependencies = (
				370901A62E0B855C0071D2FD /* PBXTargetDependency */,
			);
			fileSystemSynchronizedGroups = (
				370901A72E0B855C0071D2FD /* Shake_swiftuiUITests */,
			);
			name = Shake_swiftuiUITests;
			packageProductDependencies = (
			);
			productName = Shake_swiftuiUITests;
			productReference = 370901A42E0B855C0071D2FD /* Shake_swiftuiUITests.xctest */;
			productType = "com.apple.product-type.bundle.ui-testing";
		};
/* End PBXNativeTarget section */

/* Begin PBXProject section */
		370901852E0B85580071D2FD /* Project object */ = {
			isa = PBXProject;
			attributes = {
				BuildIndependentTargetsInParallel = 1;
				LastSwiftUpdateCheck = 1640;
				LastUpgradeCheck = 1640;
				TargetAttributes = {
					3709018C2E0B85580071D2FD = {
						CreatedOnToolsVersion = 16.4;
					};
					370901992E0B855C0071D2FD = {
						CreatedOnToolsVersion = 16.4;
						TestTargetID = 3709018C2E0B85580071D2FD;
					};
					370901A32E0B855C0071D2FD = {
						CreatedOnToolsVersion = 16.4;
						TestTargetID = 3709018C2E0B85580071D2FD;
					};
				};
			};
			buildConfigurationList = 370901882E0B85580071D2FD /* Build configuration list for PBXProject "Shake_swiftui" */;
			developmentRegion = en;
			hasScannedForEncodings = 0;
			knownRegions = (
				en,
				Base,
			);
			mainGroup = 370901842E0B85580071D2FD;
			minimizedProjectReferenceProxies = 1;
			preferredProjectObjectVersion = 77;
			productRefGroup = 3709018E2E0B85580071D2FD /* Products */;
			projectDirPath = "";
			projectRoot = "";
			targets = (
				3709018C2E0B85580071D2FD /* Shake_swiftui */,
				370901992E0B855C0071D2FD /* Shake_swiftuiTests */,
				370901A32E0B855C0071D2FD /* Shake_swiftuiUITests */,
			);
		};
/* End PBXProject section */

/* Begin PBXResourcesBuildPhase section */
		3709018B2E0B85580071D2FD /* Resources */ = {
			isa = PBXResourcesBuildPhase;
			buildActionMask = 2147483647;
			files = (
			);
			runOnlyForDeploymentPostprocessing = 0;
		};
		370901982E0B855C0071D2FD /* Resources */ = {
			isa = PBXResourcesBuildPhase;
			buildActionMask = 2147483647;
			files = (
			);
			runOnlyForDeploymentPostprocessing = 0;
		};
		370901A22E0B855C0071D2FD /* Resources */ = {
			isa = PBXResourcesBuildPhase;
			buildActionMask = 2147483647;
			files = (
			);
			runOnlyForDeploymentPostprocessing = 0;
		};
/* End PBXResourcesBuildPhase section */

/* Begin PBXSourcesBuildPhase section */
		370901892E0B85580071D2FD /* Sources */ = {
			isa = PBXSourcesBuildPhase;
			buildActionMask = 2147483647;
			files = (
			);
			runOnlyForDeploymentPostprocessing = 0;
		};
		370901962E0B855C0071D2FD /* Sources */ = {
			isa = PBXSourcesBuildPhase;
			buildActionMask = 2147483647;
			files = (
			);
			runOnlyForDeploymentPostprocessing = 0;
		};
		370901A02E0B855C0071D2FD /* Sources */ = {
			isa = PBXSourcesBuildPhase;
			buildActionMask = 2147483647;
			files = (
			);
			runOnlyForDeploymentPostprocessing = 0;
		};
/* End PBXSourcesBuildPhase section */

/* Begin PBXTargetDependency section */
		3709019C2E0B855C0071D2FD /* PBXTargetDependency */ = {
			isa = PBXTargetDependency;
			target = 3709018C2E0B85580071D2FD /* Shake_swiftui */;
			targetProxy = 3709019B2E0B855C0071D2FD /* PBXContainerItemProxy */;
		};
		370901A62E0B855C0071D2FD /* PBXTargetDependency */ = {
			isa = PBXTargetDependency;
			target = 3709018C2E0B85580071D2FD /* Shake_swiftui */;
			targetProxy = 370901A52E0B855C0071D2FD /* PBXContainerItemProxy */;
		};
/* End PBXTargetDependency section */

/* Begin XCBuildConfiguration section */
		370901AC2E0B855C0071D2FD /* Debug */ = {
			isa = XCBuildConfiguration;
			buildSettings = {
				ALWAYS_SEARCH_USER_PATHS = NO;
				ASSETCATALOG_COMPILER_GENERATE_SWIFT_ASSET_SYMBOL_EXTENSIONS = YES;
				CLANG_ANALYZER_NONNULL = YES;
				CLANG_ANALYZER_NUMBER_OBJECT_CONVERSION = YES_AGGRESSIVE;
				CLANG_CXX_LANGUAGE_STANDARD = "gnu++20";
				CLANG_ENABLE_MODULES = YES;
				CLANG_ENABLE_OBJC_ARC = YES;
				CLANG_ENABLE_OBJC_WEAK = YES;
				CLANG_WARN_BLOCK_CAPTURE_AUTORELEASING = YES;
				CLANG_WARN_BOOL_CONVERSION = YES;
				CLANG_WARN_COMMA = YES;
				CLANG_WARN_CONSTANT_CONVERSION = YES;
				CLANG_WARN_DEPRECATED_OBJC_IMPLEMENTATIONS = YES;
				CLANG_WARN_DIRECT_OBJC_ISA_USAGE = YES_ERROR;
				CLANG_WARN_DOCUMENTATION_COMMENTS = YES;
				CLANG_WARN_EMPTY_BODY = YES;
				CLANG_WARN_ENUM_CONVERSION = YES;
				CLANG_WARN_INFINITE_RECURSION = YES;
				CLANG_WARN_INT_CONVERSION = YES;
				CLANG_WARN_NON_LITERAL_NULL_CONVERSION = YES;
				CLANG_WARN_OBJC_IMPLICIT_RETAIN_SELF = YES;
				CLANG_WARN_OBJC_LITERAL_CONVERSION = YES;
				CLANG_WARN_OBJC_ROOT_CLASS = YES_ERROR;
				CLANG_WARN_QUOTED_INCLUDE_IN_FRAMEWORK_HEADER = YES;
				CLANG_WARN_RANGE_LOOP_ANALYSIS = YES;
				CLANG_WARN_STRICT_PROTOTYPES = YES;
				CLANG_WARN_SUSPICIOUS_MOVE = YES;
				CLANG_WARN_UNGUARDED_AVAILABILITY = YES_AGGRESSIVE;
				CLANG_WARN_UNREACHABLE_CODE = YES;
				CLANG_WARN__DUPLICATE_METHOD_MATCH = YES;
				COPY_PHASE_STRIP = NO;
				DEBUG_INFORMATION_FORMAT = dwarf;
				DEVELOPMENT_TEAM = NH269XV6X5;
				ENABLE_STRICT_OBJC_MSGSEND = YES;
				ENABLE_TESTABILITY = YES;
				ENABLE_USER_SCRIPT_SANDBOXING = YES;
				GCC_C_LANGUAGE_STANDARD = gnu17;
				GCC_DYNAMIC_NO_PIC = NO;
				GCC_NO_COMMON_BLOCKS = YES;
				GCC_OPTIMIZATION_LEVEL = 0;
				GCC_PREPROCESSOR_DEFINITIONS = (
					"DEBUG=1",
					"$(inherited)",
				);
				GCC_WARN_64_TO_32_BIT_CONVERSION = YES;
				GCC_WARN_ABOUT_RETURN_TYPE = YES_ERROR;
				GCC_WARN_UNDECLARED_SELECTOR = YES;
				GCC_WARN_UNINITIALIZED_AUTOS = YES_AGGRESSIVE;
				GCC_WARN_UNUSED_FUNCTION = YES;
				GCC_WARN_UNUSED_VARIABLE = YES;
				IPHONEOS_DEPLOYMENT_TARGET = 18.5;
				LOCALIZATION_PREFERS_STRING_CATALOGS = YES;
				MTL_ENABLE_DEBUG_INFO = INCLUDE_SOURCE;
				MTL_FAST_MATH = YES;
				ONLY_ACTIVE_ARCH = YES;
				SDKROOT = iphoneos;
				SWIFT_ACTIVE_COMPILATION_CONDITIONS = "DEBUG $(inherited)";
				SWIFT_OPTIMIZATION_LEVEL = "-Onone";
			};
			name = Debug;
		};
		370901AD2E0B855C0071D2FD /* Release */ = {
			isa = XCBuildConfiguration;
			buildSettings = {
				ALWAYS_SEARCH_USER_PATHS = NO;
				ASSETCATALOG_COMPILER_GENERATE_SWIFT_ASSET_SYMBOL_EXTENSIONS = YES;
				CLANG_ANALYZER_NONNULL = YES;
				CLANG_ANALYZER_NUMBER_OBJECT_CONVERSION = YES_AGGRESSIVE;
				CLANG_CXX_LANGUAGE_STANDARD = "gnu++20";
				CLANG_ENABLE_MODULES = YES;
				CLANG_ENABLE_OBJC_ARC = YES;
				CLANG_ENABLE_OBJC_WEAK = YES;
				CLANG_WARN_BLOCK_CAPTURE_AUTORELEASING = YES;
				CLANG_WARN_BOOL_CONVERSION = YES;
				CLANG_WARN_COMMA = YES;
				CLANG_WARN_CONSTANT_CONVERSION = YES;
				CLANG_WARN_DEPRECATED_OBJC_IMPLEMENTATIONS = YES;
				CLANG_WARN_DIRECT_OBJC_ISA_USAGE = YES_ERROR;
				CLANG_WARN_DOCUMENTATION_COMMENTS = YES;
				CLANG_WARN_EMPTY_BODY = YES;
				CLANG_WARN_ENUM_CONVERSION = YES;
				CLANG_WARN_INFINITE_RECURSION = YES;
				CLANG_WARN_INT_CONVERSION = YES;
				CLANG_WARN_NON_LITERAL_NULL_CONVERSION = YES;
				CLANG_WARN_OBJC_IMPLICIT_RETAIN_SELF = YES;
				CLANG_WARN_OBJC_LITERAL_CONVERSION = YES;
				CLANG_WARN_OBJC_ROOT_CLASS = YES_ERROR;
				CLANG_WARN_QUOTED_INCLUDE_IN_FRAMEWORK_HEADER = YES;
				CLANG_WARN_RANGE_LOOP_ANALYSIS = YES;
				CLANG_WARN_STRICT_PROTOTYPES = YES;
				CLANG_WARN_SUSPICIOUS_MOVE = YES;
				CLANG_WARN_UNGUARDED_AVAILABILITY = YES_AGGRESSIVE;
				CLANG_WARN_UNREACHABLE_CODE = YES;
				CLANG_WARN__DUPLICATE_METHOD_MATCH = YES;
				COPY_PHASE_STRIP = NO;
				DEBUG_INFORMATION_FORMAT = "dwarf-with-dsym";
				DEVELOPMENT_TEAM = NH269XV6X5;
				ENABLE_NS_ASSERTIONS = NO;
				ENABLE_STRICT_OBJC_MSGSEND = YES;
				ENABLE_USER_SCRIPT_SANDBOXING = YES;
				GCC_C_LANGUAGE_STANDARD = gnu17;
				GCC_NO_COMMON_BLOCKS = YES;
				GCC_WARN_64_TO_32_BIT_CONVERSION = YES;
				GCC_WARN_ABOUT_RETURN_TYPE = YES_ERROR;
				GCC_WARN_UNDECLARED_SELECTOR = YES;
				GCC_WARN_UNINITIALIZED_AUTOS = YES_AGGRESSIVE;
				GCC_WARN_UNUSED_FUNCTION = YES;
				GCC_WARN_UNUSED_VARIABLE = YES;
				IPHONEOS_DEPLOYMENT_TARGET = 18.5;
				LOCALIZATION_PREFERS_STRING_CATALOGS = YES;
				MTL_ENABLE_DEBUG_INFO = NO;
				MTL_FAST_MATH = YES;
				SDKROOT = iphoneos;
				SWIFT_COMPILATION_MODE = wholemodule;
				VALIDATE_PRODUCT = YES;
			};
			name = Release;
		};
		370901AF2E0B855C0071D2FD /* Debug */ = {
			isa = XCBuildConfiguration;
			buildSettings = {
				ASSETCATALOG_COMPILER_APPICON_NAME = AppIcon;
				ASSETCATALOG_COMPILER_GLOBAL_ACCENT_COLOR_NAME = AccentColor;
				CODE_SIGN_STYLE = Automatic;
				CURRENT_PROJECT_VERSION = 1;
				DEVELOPMENT_TEAM = NH269XV6X5;
				ENABLE_PREVIEWS = YES;
				GENERATE_INFOPLIST_FILE = YES;
				INFOPLIST_KEY_UIApplicationSceneManifest_Generation = YES;
				INFOPLIST_KEY_UIApplicationSupportsIndirectInputEvents = YES;
				INFOPLIST_KEY_UILaunchScreen_Generation = YES;
				INFOPLIST_KEY_UISupportedInterfaceOrientations_iPad = "UIInterfaceOrientationPortrait UIInterfaceOrientationPortraitUpsideDown UIInterfaceOrientationLandscapeLeft UIInterfaceOrientationLandscapeRight";
				INFOPLIST_KEY_UISupportedInterfaceOrientations_iPhone = "UIInterfaceOrientationPortrait UIInterfaceOrientationLandscapeLeft UIInterfaceOrientationLandscapeRight";
				LD_RUNPATH_SEARCH_PATHS = (
					"$(inherited)",
					"@executable_path/Frameworks",
				);
				MARKETING_VERSION = 1.0;
				PRODUCT_BUNDLE_IDENTIFIER = "app.Usui.Crayon.Shake-swiftui";
				PRODUCT_NAME = "$(TARGET_NAME)";
				SWIFT_EMIT_LOC_STRINGS = YES;
				SWIFT_VERSION = 5.0;
				TARGETED_DEVICE_FAMILY = "1,2";
			};
			name = Debug;
		};
		370901B02E0B855C0071D2FD /* Release */ = {
			isa = XCBuildConfiguration;
			buildSettings = {
				ASSETCATALOG_COMPILER_APPICON_NAME = AppIcon;
				ASSETCATALOG_COMPILER_GLOBAL_ACCENT_COLOR_NAME = AccentColor;
				CODE_SIGN_STYLE = Automatic;
				CURRENT_PROJECT_VERSION = 1;
				DEVELOPMENT_TEAM = NH269XV6X5;
				ENABLE_PREVIEWS = YES;
				GENERATE_INFOPLIST_FILE = YES;
				INFOPLIST_KEY_UIApplicationSceneManifest_Generation = YES;
				INFOPLIST_KEY_UIApplicationSupportsIndirectInputEvents = YES;
				INFOPLIST_KEY_UILaunchScreen_Generation = YES;
				INFOPLIST_KEY_UISupportedInterfaceOrientations_iPad = "UIInterfaceOrientationPortrait UIInterfaceOrientationPortraitUpsideDown UIInterfaceOrientationLandscapeLeft UIInterfaceOrientationLandscapeRight";
				INFOPLIST_KEY_UISupportedInterfaceOrientations_iPhone = "UIInterfaceOrientationPortrait UIInterfaceOrientationLandscapeLeft UIInterfaceOrientationLandscapeRight";
				LD_RUNPATH_SEARCH_PATHS = (
					"$(inherited)",
					"@executable_path/Frameworks",
				);
				MARKETING_VERSION = 1.0;
				PRODUCT_BUNDLE_IDENTIFIER = "app.Usui.Crayon.Shake-swiftui";
				PRODUCT_NAME = "$(TARGET_NAME)";
				SWIFT_EMIT_LOC_STRINGS = YES;
				SWIFT_VERSION = 5.0;
				TARGETED_DEVICE_FAMILY = "1,2";
			};
			name = Release;
		};
		370901B22E0B855C0071D2FD /* Debug */ = {
			isa = XCBuildConfiguration;
			buildSettings = {
				BUNDLE_LOADER = "$(TEST_HOST)";
				CODE_SIGN_STYLE = Automatic;
				CURRENT_PROJECT_VERSION = 1;
				DEVELOPMENT_TEAM = NH269XV6X5;
				GENERATE_INFOPLIST_FILE = YES;
				IPHONEOS_DEPLOYMENT_TARGET = 18.5;
				MARKETING_VERSION = 1.0;
				PRODUCT_BUNDLE_IDENTIFIER = "app.Usui.Crayon.Shake-swiftuiTests";
				PRODUCT_NAME = "$(TARGET_NAME)";
				SWIFT_EMIT_LOC_STRINGS = NO;
				SWIFT_VERSION = 5.0;
				TARGETED_DEVICE_FAMILY = "1,2";
				TEST_HOST = "$(BUILT_PRODUCTS_DIR)/Shake_swiftui.app/$(BUNDLE_EXECUTABLE_FOLDER_PATH)/Shake_swiftui";
			};
			name = Debug;
		};
		370901B32E0B855C0071D2FD /* Release */ = {
			isa = XCBuildConfiguration;
			buildSettings = {
				BUNDLE_LOADER = "$(TEST_HOST)";
				CODE_SIGN_STYLE = Automatic;
				CURRENT_PROJECT_VERSION = 1;
				DEVELOPMENT_TEAM = NH269XV6X5;
				GENERATE_INFOPLIST_FILE = YES;
				IPHONEOS_DEPLOYMENT_TARGET = 18.5;
				MARKETING_VERSION = 1.0;
				PRODUCT_BUNDLE_IDENTIFIER = "app.Usui.Crayon.Shake-swiftuiTests";
				PRODUCT_NAME = "$(TARGET_NAME)";
				SWIFT_EMIT_LOC_STRINGS = NO;
				SWIFT_VERSION = 5.0;
				TARGETED_DEVICE_FAMILY = "1,2";
				TEST_HOST = "$(BUILT_PRODUCTS_DIR)/Shake_swiftui.app/$(BUNDLE_EXECUTABLE_FOLDER_PATH)/Shake_swiftui";
			};
			name = Release;
		};
		370901B52E0B855C0071D2FD /* Debug */ = {
			isa = XCBuildConfiguration;
			buildSettings = {
				CODE_SIGN_STYLE = Automatic;
				CURRENT_PROJECT_VERSION = 1;
				DEVELOPMENT_TEAM = NH269XV6X5;
				GENERATE_INFOPLIST_FILE = YES;
				MARKETING_VERSION = 1.0;
				PRODUCT_BUNDLE_IDENTIFIER = "app.Usui.Crayon.Shake-swiftuiUITests";
				PRODUCT_NAME = "$(TARGET_NAME)";
				SWIFT_EMIT_LOC_STRINGS = NO;
				SWIFT_VERSION = 5.0;
				TARGETED_DEVICE_FAMILY = "1,2";
				TEST_TARGET_NAME = Shake_swiftui;
			};
			name = Debug;
		};
		370901B62E0B855C0071D2FD /* Release */ = {
			isa = XCBuildConfiguration;
			buildSettings = {
				CODE_SIGN_STYLE = Automatic;
				CURRENT_PROJECT_VERSION = 1;
				DEVELOPMENT_TEAM = NH269XV6X5;
				GENERATE_INFOPLIST_FILE = YES;
				MARKETING_VERSION = 1.0;
				PRODUCT_BUNDLE_IDENTIFIER = "app.Usui.Crayon.Shake-swiftuiUITests";
				PRODUCT_NAME = "$(TARGET_NAME)";
				SWIFT_EMIT_LOC_STRINGS = NO;
				SWIFT_VERSION = 5.0;
				TARGETED_DEVICE_FAMILY = "1,2";
				TEST_TARGET_NAME = Shake_swiftui;
			};
			name = Release;
		};
/* End XCBuildConfiguration section */

/* Begin XCConfigurationList section */
		370901882E0B85580071D2FD /* Build configuration list for PBXProject "Shake_swiftui" */ = {
			isa = XCConfigurationList;
			buildConfigurations = (
				370901AC2E0B855C0071D2FD /* Debug */,
				370901AD2E0B855C0071D2FD /* Release */,
			);
			defaultConfigurationIsVisible = 0;
			defaultConfigurationName = Release;
		};
		370901AE2E0B855C0071D2FD /* Build configuration list for PBXNativeTarget "Shake_swiftui" */ = {
			isa = XCConfigurationList;
			buildConfigurations = (
				370901AF2E0B855C0071D2FD /* Debug */,
				370901B02E0B855C0071D2FD /* Release */,
			);
			defaultConfigurationIsVisible = 0;
			defaultConfigurationName = Release;
		};
		370901B12E0B855C0071D2FD /* Build configuration list for PBXNativeTarget "Shake_swiftuiTests" */ = {
			isa = XCConfigurationList;
			buildConfigurations = (
				370901B22E0B855C0071D2FD /* Debug */,
				370901B32E0B855C0071D2FD /* Release */,
			);
			defaultConfigurationIsVisible = 0;
			defaultConfigurationName = Release;
		};
		370901B42E0B855C0071D2FD /* Build configuration list for PBXNativeTarget "Shake_swiftuiUITests" */ = {
			isa = XCConfigurationList;
			buildConfigurations = (
				370901B52E0B855C0071D2FD /* Debug */,
				370901B62E0B855C0071D2FD /* Release */,
			);
			defaultConfigurationIsVisible = 0;
			defaultConfigurationName = Release;
		};
/* End XCConfigurationList section */
	};
	rootObject = 370901852E0B85580071D2FD /* Project object */;
}
